
Microsoft Visual Studio Solution File, Format Version 12.00
# Visual Studio Version 17
VisualStudioVersion = 17.7.34018.315
MinimumVisualStudioVersion = 10.0.40219.1
Project("{9A19103F-16F7-4668-BE54-9A1E7A4F7556}") = "Tibis.AccountManagement.Web", "Tibis.AccountManagement.Web\Tibis.AccountManagement.Web.csproj", "{04646F03-5114-42B1-9909-3F0F597BB126}"
EndProject
Project("{9A19103F-16F7-4668-BE54-9A1E7A4F7556}") = "Tibis.Facade.Web", "Tibis.Facade.Web\Tibis.Facade.Web.csproj", "{7F85FECF-07BF-44E1-B7C2-2A2665A13A6D}"
EndProject
Project("{9A19103F-16F7-4668-BE54-9A1E7A4F7556}") = "Tibis.ProductManagement.Web", "Tibis.ProductManagement.Web\Tibis.ProductManagement.Web.csproj", "{4F27F545-7C11-42C5-8D03-D1FEE6B32FA3}"
EndProject
Project("{9A19103F-16F7-4668-BE54-9A1E7A4F7556}") = "Tibis.Billing.Web", "Tibis.Billing.Web\Tibis.Billing.Web.csproj", "{E4229E39-4D3C-4B89-86BD-84784754CD49}"
EndProject
Project("{2150E333-8FDC-42A3-9474-1A3956D46DE8}") = "Tibis.AccountManagement", "Tibis.AccountManagement", "{7913B5CD-2137-49D7-BDB1-15B1FBCE44F9}"
EndProject
Project("{9A19103F-16F7-4668-BE54-9A1E7A4F7556}") = "Tibis.AccountManagement.Domain", "Tibis.AccountManagement.Domain\Tibis.AccountManagement.Domain.csproj", "{C2C44B87-F38E-45F3-9BCB-892B6CCC7F45}"
EndProject
Project("{9A19103F-16F7-4668-BE54-9A1E7A4F7556}") = "Tibis.AccountManagement.CQRS", "Tibis.AccountManagement.CQRS\Tibis.AccountManagement.CQRS.csproj", "{D0AF73E1-AFD9-457B-88CB-B9A5B55C563A}"
EndProject
Project("{9A19103F-16F7-4668-BE54-9A1E7A4F7556}") = "Tibis.AccountManagement.Application", "Tibis.AccountManagement.Application\Tibis.AccountManagement.Application.csproj", "{D9A05AD2-D514-4474-989B-46943FC1965B}"
EndProject
Project("{9A19103F-16F7-4668-BE54-9A1E7A4F7556}") = "Tibis.Contracts", "Tibis.Contracts\Tibis.Contracts.csproj", "{812CFF8B-0692-449C-AD53-CE7648589495}"
EndProject
Project("{FAE04EC0-301F-11D3-BF4B-00C04F79EFBC}") = "Tibis.AccountManagement.DB", "Tibis.AccountManagement.DB\Tibis.AccountManagement.DB.csproj", "{E441B5C8-826D-43F1-B274-719D8ABA0C72}"
EndProject
Project("{FAE04EC0-301F-11D3-BF4B-00C04F79EFBC}") = "Tibis.AccountManagement.HttpClients", "Tibis.AccountManagement.HttpClients\Tibis.AccountManagement.HttpClients.csproj", "{C294577F-8486-406F-B4C7-962217CA87FD}"
EndProject
Project("{2150E333-8FDC-42A3-9474-1A3956D46DE8}") = "Tibis.ProductManagement", "Tibis.ProductManagement", "{042DE5A9-9B31-4F6D-91EA-97CBFB775098}"
EndProject
Project("{FAE04EC0-301F-11D3-BF4B-00C04F79EFBC}") = "Tibis.ProductManagement.Application", "Tibis.ProductManagement.Application\Tibis.ProductManagement.Application.csproj", "{E9B09F48-9689-4D3F-BEDB-718E45DEF4E8}"
EndProject
Project("{FAE04EC0-301F-11D3-BF4B-00C04F79EFBC}") = "Tibis.ProductManagement.CQRS", "Tibis.ProductManagement.CQRS\Tibis.ProductManagement.CQRS.csproj", "{5BF1A3A3-03C5-4932-B21D-D2514EFDFD90}"
EndProject
Project("{FAE04EC0-301F-11D3-BF4B-00C04F79EFBC}") = "Tibis.ProductManagement.DB", "Tibis.ProductManagement.DB\Tibis.ProductManagement.DB.csproj", "{E5C188E7-600A-44C2-A240-C4EEBE38660F}"
EndProject
Project("{FAE04EC0-301F-11D3-BF4B-00C04F79EFBC}") = "Tibis.ProductManagement.Domain", "Tibis.ProductManagement.Domain\Tibis.ProductManagement.Domain.csproj", "{839ED387-1A0F-4C0F-B6DB-0F67440C71DE}"
EndProject
Project("{FAE04EC0-301F-11D3-BF4B-00C04F79EFBC}") = "Tibis.ProductManagement.HttpClients", "Tibis.ProductManagement.HttpClients\Tibis.ProductManagement.HttpClients.csproj", "{52DBA8BF-5C97-4F4A-9439-8206BB79C1A2}"
EndProject
Project("{2150E333-8FDC-42A3-9474-1A3956D46DE8}") = "Tibis.Billing", "Tibis.Billing", "{D1544F64-7A68-45B3-8A4B-06C21A5DCA14}"
EndProject
Project("{FAE04EC0-301F-11D3-BF4B-00C04F79EFBC}") = "Tibis.Billing.Application", "Tibis.Billing.Application\Tibis.Billing.Application.csproj", "{31D61910-EBD4-4167-B0E5-274896C0448A}"
EndProject
Project("{FAE04EC0-301F-11D3-BF4B-00C04F79EFBC}") = "Tibis.Billing.CQRS", "Tibis.Billing.CQRS\Tibis.Billing.CQRS.csproj", "{945E6B4E-DECC-466F-8143-3CD89B84EBBA}"
EndProject
Project("{FAE04EC0-301F-11D3-BF4B-00C04F79EFBC}") = "Tibis.Billing.DB", "Tibis.Billing.DB\Tibis.Billing.DB.csproj", "{CE1F6A59-DFBA-41D8-97C8-79C54B281861}"
EndProject
Project("{FAE04EC0-301F-11D3-BF4B-00C04F79EFBC}") = "Tibis.Billing.Domain", "Tibis.Billing.Domain\Tibis.Billing.Domain.csproj", "{9843F4E5-6781-4E87-9D51-B342E188EE08}"
EndProject
Project("{FAE04EC0-301F-11D3-BF4B-00C04F79EFBC}") = "Tibis.Billing.HttpClients", "Tibis.Billing.HttpClients\Tibis.Billing.HttpClients.csproj", "{21778254-23EB-4112-984A-39DD723339FE}"
EndProject
Global
	GlobalSection(SolutionConfigurationPlatforms) = preSolution
		Debug|Any CPU = Debug|Any CPU
		Release|Any CPU = Release|Any CPU
	EndGlobalSection
	GlobalSection(ProjectConfigurationPlatforms) = postSolution
		{04646F03-5114-42B1-9909-3F0F597BB126}.Debug|Any CPU.ActiveCfg = Debug|Any CPU
		{04646F03-5114-42B1-9909-3F0F597BB126}.Debug|Any CPU.Build.0 = Debug|Any CPU
		{04646F03-5114-42B1-9909-3F0F597BB126}.Release|Any CPU.ActiveCfg = Release|Any CPU
		{04646F03-5114-42B1-9909-3F0F597BB126}.Release|Any CPU.Build.0 = Release|Any CPU
		{7F85FECF-07BF-44E1-B7C2-2A2665A13A6D}.Debug|Any CPU.ActiveCfg = Debug|Any CPU
		{7F85FECF-07BF-44E1-B7C2-2A2665A13A6D}.Debug|Any CPU.Build.0 = Debug|Any CPU
		{7F85FECF-07BF-44E1-B7C2-2A2665A13A6D}.Release|Any CPU.ActiveCfg = Release|Any CPU
		{7F85FECF-07BF-44E1-B7C2-2A2665A13A6D}.Release|Any CPU.Build.0 = Release|Any CPU
		{4F27F545-7C11-42C5-8D03-D1FEE6B32FA3}.Debug|Any CPU.ActiveCfg = Debug|Any CPU
		{4F27F545-7C11-42C5-8D03-D1FEE6B32FA3}.Debug|Any CPU.Build.0 = Debug|Any CPU
		{4F27F545-7C11-42C5-8D03-D1FEE6B32FA3}.Release|Any CPU.ActiveCfg = Release|Any CPU
		{4F27F545-7C11-42C5-8D03-D1FEE6B32FA3}.Release|Any CPU.Build.0 = Release|Any CPU
		{E4229E39-4D3C-4B89-86BD-84784754CD49}.Debug|Any CPU.ActiveCfg = Debug|Any CPU
		{E4229E39-4D3C-4B89-86BD-84784754CD49}.Debug|Any CPU.Build.0 = Debug|Any CPU
		{E4229E39-4D3C-4B89-86BD-84784754CD49}.Release|Any CPU.ActiveCfg = Release|Any CPU
		{E4229E39-4D3C-4B89-86BD-84784754CD49}.Release|Any CPU.Build.0 = Release|Any CPU
		{C2C44B87-F38E-45F3-9BCB-892B6CCC7F45}.Debug|Any CPU.ActiveCfg = Debug|Any CPU
		{C2C44B87-F38E-45F3-9BCB-892B6CCC7F45}.Debug|Any CPU.Build.0 = Debug|Any CPU
		{C2C44B87-F38E-45F3-9BCB-892B6CCC7F45}.Release|Any CPU.ActiveCfg = Release|Any CPU
		{C2C44B87-F38E-45F3-9BCB-892B6CCC7F45}.Release|Any CPU.Build.0 = Release|Any CPU
		{D0AF73E1-AFD9-457B-88CB-B9A5B55C563A}.Debug|Any CPU.ActiveCfg = Debug|Any CPU
		{D0AF73E1-AFD9-457B-88CB-B9A5B55C563A}.Debug|Any CPU.Build.0 = Debug|Any CPU
		{D0AF73E1-AFD9-457B-88CB-B9A5B55C563A}.Release|Any CPU.ActiveCfg = Release|Any CPU
		{D0AF73E1-AFD9-457B-88CB-B9A5B55C563A}.Release|Any CPU.Build.0 = Release|Any CPU
		{D9A05AD2-D514-4474-989B-46943FC1965B}.Debug|Any CPU.ActiveCfg = Debug|Any CPU
		{D9A05AD2-D514-4474-989B-46943FC1965B}.Debug|Any CPU.Build.0 = Debug|Any CPU
		{D9A05AD2-D514-4474-989B-46943FC1965B}.Release|Any CPU.ActiveCfg = Release|Any CPU
		{D9A05AD2-D514-4474-989B-46943FC1965B}.Release|Any CPU.Build.0 = Release|Any CPU
		{812CFF8B-0692-449C-AD53-CE7648589495}.Debug|Any CPU.ActiveCfg = Debug|Any CPU
		{812CFF8B-0692-449C-AD53-CE7648589495}.Debug|Any CPU.Build.0 = Debug|Any CPU
		{812CFF8B-0692-449C-AD53-CE7648589495}.Release|Any CPU.ActiveCfg = Release|Any CPU
		{812CFF8B-0692-449C-AD53-CE7648589495}.Release|Any CPU.Build.0 = Release|Any CPU
		{E441B5C8-826D-43F1-B274-719D8ABA0C72}.Debug|Any CPU.ActiveCfg = Debug|Any CPU
		{E441B5C8-826D-43F1-B274-719D8ABA0C72}.Debug|Any CPU.Build.0 = Debug|Any CPU
		{E441B5C8-826D-43F1-B274-719D8ABA0C72}.Release|Any CPU.ActiveCfg = Release|Any CPU
		{E441B5C8-826D-43F1-B274-719D8ABA0C72}.Release|Any CPU.Build.0 = Release|Any CPU
		{C294577F-8486-406F-B4C7-962217CA87FD}.Debug|Any CPU.ActiveCfg = Debug|Any CPU
		{C294577F-8486-406F-B4C7-962217CA87FD}.Debug|Any CPU.Build.0 = Debug|Any CPU
		{C294577F-8486-406F-B4C7-962217CA87FD}.Release|Any CPU.ActiveCfg = Release|Any CPU
		{C294577F-8486-406F-B4C7-962217CA87FD}.Release|Any CPU.Build.0 = Release|Any CPU
		{E9B09F48-9689-4D3F-BEDB-718E45DEF4E8}.Debug|Any CPU.ActiveCfg = Debug|Any CPU
		{E9B09F48-9689-4D3F-BEDB-718E45DEF4E8}.Debug|Any CPU.Build.0 = Debug|Any CPU
		{E9B09F48-9689-4D3F-BEDB-718E45DEF4E8}.Release|Any CPU.ActiveCfg = Release|Any CPU
		{E9B09F48-9689-4D3F-BEDB-718E45DEF4E8}.Release|Any CPU.Build.0 = Release|Any CPU
		{5BF1A3A3-03C5-4932-B21D-D2514EFDFD90}.Debug|Any CPU.ActiveCfg = Debug|Any CPU
		{5BF1A3A3-03C5-4932-B21D-D2514EFDFD90}.Debug|Any CPU.Build.0 = Debug|Any CPU
		{5BF1A3A3-03C5-4932-B21D-D2514EFDFD90}.Release|Any CPU.ActiveCfg = Release|Any CPU
		{5BF1A3A3-03C5-4932-B21D-D2514EFDFD90}.Release|Any CPU.Build.0 = Release|Any CPU
		{E5C188E7-600A-44C2-A240-C4EEBE38660F}.Debug|Any CPU.ActiveCfg = Debug|Any CPU
		{E5C188E7-600A-44C2-A240-C4EEBE38660F}.Debug|Any CPU.Build.0 = Debug|Any CPU
		{E5C188E7-600A-44C2-A240-C4EEBE38660F}.Release|Any CPU.ActiveCfg = Release|Any CPU
		{E5C188E7-600A-44C2-A240-C4EEBE38660F}.Release|Any CPU.Build.0 = Release|Any CPU
		{839ED387-1A0F-4C0F-B6DB-0F67440C71DE}.Debug|Any CPU.ActiveCfg = Debug|Any CPU
		{839ED387-1A0F-4C0F-B6DB-0F67440C71DE}.Debug|Any CPU.Build.0 = Debug|Any CPU
		{839ED387-1A0F-4C0F-B6DB-0F67440C71DE}.Release|Any CPU.ActiveCfg = Release|Any CPU
		{839ED387-1A0F-4C0F-B6DB-0F67440C71DE}.Release|Any CPU.Build.0 = Release|Any CPU
		{52DBA8BF-5C97-4F4A-9439-8206BB79C1A2}.Debug|Any CPU.ActiveCfg = Debug|Any CPU
		{52DBA8BF-5C97-4F4A-9439-8206BB79C1A2}.Debug|Any CPU.Build.0 = Debug|Any CPU
		{52DBA8BF-5C97-4F4A-9439-8206BB79C1A2}.Release|Any CPU.ActiveCfg = Release|Any CPU
		{52DBA8BF-5C97-4F4A-9439-8206BB79C1A2}.Release|Any CPU.Build.0 = Release|Any CPU
		{31D61910-EBD4-4167-B0E5-274896C0448A}.Debug|Any CPU.ActiveCfg = Debug|Any CPU
		{31D61910-EBD4-4167-B0E5-274896C0448A}.Debug|Any CPU.Build.0 = Debug|Any CPU
		{31D61910-EBD4-4167-B0E5-274896C0448A}.Release|Any CPU.ActiveCfg = Release|Any CPU
		{31D61910-EBD4-4167-B0E5-274896C0448A}.Release|Any CPU.Build.0 = Release|Any CPU
		{945E6B4E-DECC-466F-8143-3CD89B84EBBA}.Debug|Any CPU.ActiveCfg = Debug|Any CPU
		{945E6B4E-DECC-466F-8143-3CD89B84EBBA}.Debug|Any CPU.Build.0 = Debug|Any CPU
		{945E6B4E-DECC-466F-8143-3CD89B84EBBA}.Release|Any CPU.ActiveCfg = Release|Any CPU
		{945E6B4E-DECC-466F-8143-3CD89B84EBBA}.Release|Any CPU.Build.0 = Release|Any CPU
		{CE1F6A59-DFBA-41D8-97C8-79C54B281861}.Debug|Any CPU.ActiveCfg = Debug|Any CPU
		{CE1F6A59-DFBA-41D8-97C8-79C54B281861}.Debug|Any CPU.Build.0 = Debug|Any CPU
		{CE1F6A59-DFBA-41D8-97C8-79C54B281861}.Release|Any CPU.ActiveCfg = Release|Any CPU
		{CE1F6A59-DFBA-41D8-97C8-79C54B281861}.Release|Any CPU.Build.0 = Release|Any CPU
		{9843F4E5-6781-4E87-9D51-B342E188EE08}.Debug|Any CPU.ActiveCfg = Debug|Any CPU
		{9843F4E5-6781-4E87-9D51-B342E188EE08}.Debug|Any CPU.Build.0 = Debug|Any CPU
		{9843F4E5-6781-4E87-9D51-B342E188EE08}.Release|Any CPU.ActiveCfg = Release|Any CPU
		{9843F4E5-6781-4E87-9D51-B342E188EE08}.Release|Any CPU.Build.0 = Release|Any CPU
		{21778254-23EB-4112-984A-39DD723339FE}.Debug|Any CPU.ActiveCfg = Debug|Any CPU
		{21778254-23EB-4112-984A-39DD723339FE}.Debug|Any CPU.Build.0 = Debug|Any CPU
		{21778254-23EB-4112-984A-39DD723339FE}.Release|Any CPU.ActiveCfg = Release|Any CPU
		{21778254-23EB-4112-984A-39DD723339FE}.Release|Any CPU.Build.0 = Release|Any CPU
	EndGlobalSection
	GlobalSection(SolutionProperties) = preSolution
		HideSolutionNode = FALSE
	EndGlobalSection
	GlobalSection(NestedProjects) = preSolution
		{04646F03-5114-42B1-9909-3F0F597BB126} = {7913B5CD-2137-49D7-BDB1-15B1FBCE44F9}
		{4F27F545-7C11-42C5-8D03-D1FEE6B32FA3} = {042DE5A9-9B31-4F6D-91EA-97CBFB775098}
		{E4229E39-4D3C-4B89-86BD-84784754CD49} = {D1544F64-7A68-45B3-8A4B-06C21A5DCA14}
		{C2C44B87-F38E-45F3-9BCB-892B6CCC7F45} = {7913B5CD-2137-49D7-BDB1-15B1FBCE44F9}
		{D0AF73E1-AFD9-457B-88CB-B9A5B55C563A} = {7913B5CD-2137-49D7-BDB1-15B1FBCE44F9}
		{D9A05AD2-D514-4474-989B-46943FC1965B} = {7913B5CD-2137-49D7-BDB1-15B1FBCE44F9}
		{E441B5C8-826D-43F1-B274-719D8ABA0C72} = {7913B5CD-2137-49D7-BDB1-15B1FBCE44F9}
		{C294577F-8486-406F-B4C7-962217CA87FD} = {7913B5CD-2137-49D7-BDB1-15B1FBCE44F9}
		{E9B09F48-9689-4D3F-BEDB-718E45DEF4E8} = {042DE5A9-9B31-4F6D-91EA-97CBFB775098}
		{5BF1A3A3-03C5-4932-B21D-D2514EFDFD90} = {042DE5A9-9B31-4F6D-91EA-97CBFB775098}
		{E5C188E7-600A-44C2-A240-C4EEBE38660F} = {042DE5A9-9B31-4F6D-91EA-97CBFB775098}
		{839ED387-1A0F-4C0F-B6DB-0F67440C71DE} = {042DE5A9-9B31-4F6D-91EA-97CBFB775098}
		{52DBA8BF-5C97-4F4A-9439-8206BB79C1A2} = {042DE5A9-9B31-4F6D-91EA-97CBFB775098}
		{31D61910-EBD4-4167-B0E5-274896C0448A} = {D1544F64-7A68-45B3-8A4B-06C21A5DCA14}
		{945E6B4E-DECC-466F-8143-3CD89B84EBBA} = {D1544F64-7A68-45B3-8A4B-06C21A5DCA14}
		{CE1F6A59-DFBA-41D8-97C8-79C54B281861} = {D1544F64-7A68-45B3-8A4B-06C21A5DCA14}
		{9843F4E5-6781-4E87-9D51-B342E188EE08} = {D1544F64-7A68-45B3-8A4B-06C21A5DCA14}
		{21778254-23EB-4112-984A-39DD723339FE} = {D1544F64-7A68-45B3-8A4B-06C21A5DCA14}
	EndGlobalSection
	GlobalSection(ExtensibilityGlobals) = postSolution
		SolutionGuid = {82EF3541-B6C0-4FBF-8A1A-E632ADC14E56}
	EndGlobalSection
EndGlobal
